
Microsoft Visual Studio Solution File, Format Version 12.00
# Visual Studio 15
VisualStudioVersion = 15.0.26730.16
MinimumVisualStudioVersion = 10.0.40219.1
Project("{FAE04EC0-301F-11D3-BF4B-00C04F79EFBC}") = "CollegeRegistration", "CollegeRegistration\CollegeRegistration.csproj", "{B729F1EB-E29C-49DF-A445-4BD331181C89}"
	ProjectSection(ProjectDependencies) = postProject
		{66F34F32-7EAE-4F7A-87DA-DAD45D06EF0A} = {66F34F32-7EAE-4F7A-87DA-DAD45D06EF0A}
	EndProjectSection
EndProject
Project("{00D1A9C2-B5F0-4AF3-8072-F6C62B433612}") = "Registration", "Registration\Registration.sqlproj", "{66F34F32-7EAE-4F7A-87DA-DAD45D06EF0A}"
EndProject
Global
	GlobalSection(SolutionConfigurationPlatforms) = preSolution
		Debug|Any CPU = Debug|Any CPU
		Release|Any CPU = Release|Any CPU
	EndGlobalSection
	GlobalSection(ProjectConfigurationPlatforms) = postSolution
		{B729F1EB-E29C-49DF-A445-4BD331181C89}.Debug|Any CPU.ActiveCfg = Debug|Any CPU
		{B729F1EB-E29C-49DF-A445-4BD331181C89}.Debug|Any CPU.Build.0 = Debug|Any CPU
		{B729F1EB-E29C-49DF-A445-4BD331181C89}.Release|Any CPU.ActiveCfg = Release|Any CPU
		{B729F1EB-E29C-49DF-A445-4BD331181C89}.Release|Any CPU.Build.0 = Release|Any CPU
		{66F34F32-7EAE-4F7A-87DA-DAD45D06EF0A}.Debug|Any CPU.ActiveCfg = Debug|Any CPU
		{66F34F32-7EAE-4F7A-87DA-DAD45D06EF0A}.Debug|Any CPU.Build.0 = Debug|Any CPU
		{66F34F32-7EAE-4F7A-87DA-DAD45D06EF0A}.Debug|Any CPU.Deploy.0 = Debug|Any CPU
		{66F34F32-7EAE-4F7A-87DA-DAD45D06EF0A}.Release|Any CPU.ActiveCfg = Release|Any CPU
		{66F34F32-7EAE-4F7A-87DA-DAD45D06EF0A}.Release|Any CPU.Build.0 = Release|Any CPU
		{66F34F32-7EAE-4F7A-87DA-DAD45D06EF0A}.Release|Any CPU.Deploy.0 = Release|Any CPU
	EndGlobalSection
	GlobalSection(SolutionProperties) = preSolution
		HideSolutionNode = FALSE
	EndGlobalSection
	GlobalSection(ExtensibilityGlobals) = postSolution
		SolutionGuid = {D88D456E-D2F5-415A-83C1-B8A79E8BCD69}
	EndGlobalSection
EndGlobal
